
Microsoft Visual Studio Solution File, Format Version 12.00
Project("{FAE04EC0-301F-11D3-BF4B-00C04F79EFBC}") = "ODataTest.API", "src\ODataTest.API\ODataTest.API.csproj", "{57877FA5-B854-40B5-9B05-86BD1C5798D7}"
EndProject
Global
	GlobalSection(SolutionConfigurationPlatforms) = preSolution
		Debug|Any CPU = Debug|Any CPU
		Release|Any CPU = Release|Any CPU
	EndGlobalSection
	GlobalSection(ProjectConfigurationPlatforms) = postSolution
		{57877FA5-B854-40B5-9B05-86BD1C5798D7}.Debug|Any CPU.ActiveCfg = Debug|Any CPU
		{57877FA5-B854-40B5-9B05-86BD1C5798D7}.Debug|Any CPU.Build.0 = Debug|Any CPU
		{57877FA5-B854-40B5-9B05-86BD1C5798D7}.Release|Any CPU.ActiveCfg = Release|Any CPU
		{57877FA5-B854-40B5-9B05-86BD1C5798D7}.Release|Any CPU.Build.0 = Release|Any CPU
	EndGlobalSection
EndGlobal
